
Microsoft Visual Studio Solution File, Format Version 12.00
# Visual Studio Version 17
VisualStudioVersion = 17.7.34031.279
MinimumVisualStudioVersion = 10.0.40219.1
Project("{9A19103F-16F7-4668-BE54-9A1E7A4F7556}") = "WebAPI", "WebAPI\WebAPI.csproj", "{6F2FE460-99D0-4192-8A5E-490B32EE56EE}"
EndProject
Project("{FAE04EC0-301F-11D3-BF4B-00C04F79EFBC}") = "WebAPI.Tests", "WebAPI.Tests\WebAPI.Tests.csproj", "{0950E78E-9B7E-484D-A1AF-9045F047CDFF}"
EndProject
Global
	GlobalSection(SolutionConfigurationPlatforms) = preSolution
		Debug|Any CPU = Debug|Any CPU
		Release|Any CPU = Release|Any CPU
	EndGlobalSection
	GlobalSection(ProjectConfigurationPlatforms) = postSolution
		{6F2FE460-99D0-4192-8A5E-490B32EE56EE}.Debug|Any CPU.ActiveCfg = Debug|Any CPU
		{6F2FE460-99D0-4192-8A5E-490B32EE56EE}.Debug|Any CPU.Build.0 = Debug|Any CPU
		{6F2FE460-99D0-4192-8A5E-490B32EE56EE}.Release|Any CPU.ActiveCfg = Release|Any CPU
		{6F2FE460-99D0-4192-8A5E-490B32EE56EE}.Release|Any CPU.Build.0 = Release|Any CPU
		{0950E78E-9B7E-484D-A1AF-9045F047CDFF}.Debug|Any CPU.ActiveCfg = Debug|Any CPU
		{0950E78E-9B7E-484D-A1AF-9045F047CDFF}.Debug|Any CPU.Build.0 = Debug|Any CPU
		{0950E78E-9B7E-484D-A1AF-9045F047CDFF}.Release|Any CPU.ActiveCfg = Release|Any CPU
		{0950E78E-9B7E-484D-A1AF-9045F047CDFF}.Release|Any CPU.Build.0 = Release|Any CPU
	EndGlobalSection
	GlobalSection(SolutionProperties) = preSolution
		HideSolutionNode = FALSE
	EndGlobalSection
	GlobalSection(ExtensibilityGlobals) = postSolution
		SolutionGuid = {EC342508-B9DA-4071-A752-85AA8AF20725}
	EndGlobalSection
EndGlobal
